
Microsoft Visual Studio Solution File, Format Version 12.00
# Visual Studio Version 16
VisualStudioVersion = 16.0.30011.22
MinimumVisualStudioVersion = 10.0.40219.1
Project("{9A19103F-16F7-4668-BE54-9A1E7A4F7556}") = "VotingAdminService", "VotingAdminService.csproj", "{DE9813EF-949C-47E8-AD0D-933C00D7258C}"
EndProject
Project("{FAE04EC0-301F-11D3-BF4B-00C04F79EFBC}") = "VotingAdminServiceTest", "..\VotingAdminServiceTest\VotingAdminServiceTest.csproj", "{1AFA5EEC-7255-41A2-9279-6D0C6B96D661}"
EndProject
Global
	GlobalSection(SolutionConfigurationPlatforms) = preSolution
		Debug|Any CPU = Debug|Any CPU
		Release|Any CPU = Release|Any CPU
	EndGlobalSection
	GlobalSection(ProjectConfigurationPlatforms) = postSolution
		{DE9813EF-949C-47E8-AD0D-933C00D7258C}.Debug|Any CPU.ActiveCfg = Debug|Any CPU
		{DE9813EF-949C-47E8-AD0D-933C00D7258C}.Debug|Any CPU.Build.0 = Debug|Any CPU
		{DE9813EF-949C-47E8-AD0D-933C00D7258C}.Release|Any CPU.ActiveCfg = Release|Any CPU
		{DE9813EF-949C-47E8-AD0D-933C00D7258C}.Release|Any CPU.Build.0 = Release|Any CPU
		{1AFA5EEC-7255-41A2-9279-6D0C6B96D661}.Debug|Any CPU.ActiveCfg = Debug|Any CPU
		{1AFA5EEC-7255-41A2-9279-6D0C6B96D661}.Debug|Any CPU.Build.0 = Debug|Any CPU
		{1AFA5EEC-7255-41A2-9279-6D0C6B96D661}.Release|Any CPU.ActiveCfg = Release|Any CPU
		{1AFA5EEC-7255-41A2-9279-6D0C6B96D661}.Release|Any CPU.Build.0 = Release|Any CPU
	EndGlobalSection
	GlobalSection(SolutionProperties) = preSolution
		HideSolutionNode = FALSE
	EndGlobalSection
	GlobalSection(ExtensibilityGlobals) = postSolution
		SolutionGuid = {091B66A3-3A39-4BD2-ABA7-C1129C4AAAC3}
	EndGlobalSection
EndGlobal
