
Microsoft Visual Studio Solution File, Format Version 12.00
# Visual Studio Version 16
VisualStudioVersion = 16.0.30011.22
MinimumVisualStudioVersion = 10.0.40219.1
Project("{9A19103F-16F7-4668-BE54-9A1E7A4F7556}") = "AuthService", "AuthService.csproj", "{8C2DA4ED-1FD1-44A5-B39D-388F3F292F64}"
EndProject
Project("{FAE04EC0-301F-11D3-BF4B-00C04F79EFBC}") = "AuthServiceTest", "..\AuthServiceTest\AuthServiceTest.csproj", "{8061722E-B013-4DA1-B645-61B11D99E807}"
EndProject
Global
	GlobalSection(SolutionConfigurationPlatforms) = preSolution
		Debug|Any CPU = Debug|Any CPU
		Release|Any CPU = Release|Any CPU
	EndGlobalSection
	GlobalSection(ProjectConfigurationPlatforms) = postSolution
		{8C2DA4ED-1FD1-44A5-B39D-388F3F292F64}.Debug|Any CPU.ActiveCfg = Debug|Any CPU
		{8C2DA4ED-1FD1-44A5-B39D-388F3F292F64}.Debug|Any CPU.Build.0 = Debug|Any CPU
		{8C2DA4ED-1FD1-44A5-B39D-388F3F292F64}.Release|Any CPU.ActiveCfg = Release|Any CPU
		{8C2DA4ED-1FD1-44A5-B39D-388F3F292F64}.Release|Any CPU.Build.0 = Release|Any CPU
		{8061722E-B013-4DA1-B645-61B11D99E807}.Debug|Any CPU.ActiveCfg = Debug|Any CPU
		{8061722E-B013-4DA1-B645-61B11D99E807}.Debug|Any CPU.Build.0 = Debug|Any CPU
		{8061722E-B013-4DA1-B645-61B11D99E807}.Release|Any CPU.ActiveCfg = Release|Any CPU
		{8061722E-B013-4DA1-B645-61B11D99E807}.Release|Any CPU.Build.0 = Release|Any CPU
	EndGlobalSection
	GlobalSection(SolutionProperties) = preSolution
		HideSolutionNode = FALSE
	EndGlobalSection
	GlobalSection(ExtensibilityGlobals) = postSolution
		SolutionGuid = {11C2BA80-5CE6-4FAD-96B6-1126C7BB103F}
	EndGlobalSection
EndGlobal
